PODS:
  - JKSteppedProgressBar (0.5.1)

DEPENDENCIES:
  - JKSteppedProgressBar (from `../`)

EXTERNAL SOURCES:
  JKSteppedProgressBar:
    :path: "../"

SPEC CHECKSUMS:
  JKSteppedProgressBar: b73697f47ec8e7cfb3bcc7ab3315fa244bcf9727

PODFILE CHECKSUM: 244dd3f9fe9dd1c69bb45bfcd7e8747ce8c1172e

COCOAPODS: 1.9.3
